
Microsoft Visual Studio Solution File, Format Version 12.00
# Visual Studio Version 16
VisualStudioVersion = 16.0.29503.13
MinimumVisualStudioVersion = 10.0.40219.1
Project("{FAE04EC0-301F-11D3-BF4B-00C04F79EFBC}") = "Sistema-Vendas-Estudo", "Sistema-Vendas-Estudo.csproj", "{3F0E08FA-1BCE-494B-88F6-EAB342941EDF}"
EndProject
Project("{FAE04EC0-301F-11D3-BF4B-00C04F79EFBC}") = "Dao", "..\Dao\Dao.csproj", "{65E5F10A-BF00-41F3-B74B-C9491A8BCC49}"
EndProject
Project("{FAE04EC0-301F-11D3-BF4B-00C04F79EFBC}") = "Entity", "..\Entity\Entity.csproj", "{AC882253-1F91-45FA-87D7-5FD35ADB68DB}"
EndProject
Project("{FAE04EC0-301F-11D3-BF4B-00C04F79EFBC}") = "Business", "..\Business\Business.csproj", "{2B9DD011-0CE4-4AB6-A1F6-91ECC9F44800}"
EndProject
Global
	GlobalSection(SolutionConfigurationPlatforms) = preSolution
		Debug|Any CPU = Debug|Any CPU
		Release|Any CPU = Release|Any CPU
	EndGlobalSection
	GlobalSection(ProjectConfigurationPlatforms) = postSolution
		{3F0E08FA-1BCE-494B-88F6-EAB342941EDF}.Debug|Any CPU.ActiveCfg = Debug|Any CPU
		{3F0E08FA-1BCE-494B-88F6-EAB342941EDF}.Debug|Any CPU.Build.0 = Debug|Any CPU
		{3F0E08FA-1BCE-494B-88F6-EAB342941EDF}.Release|Any CPU.ActiveCfg = Release|Any CPU
		{3F0E08FA-1BCE-494B-88F6-EAB342941EDF}.Release|Any CPU.Build.0 = Release|Any CPU
		{65E5F10A-BF00-41F3-B74B-C9491A8BCC49}.Debug|Any CPU.ActiveCfg = Debug|Any CPU
		{65E5F10A-BF00-41F3-B74B-C9491A8BCC49}.Debug|Any CPU.Build.0 = Debug|Any CPU
		{65E5F10A-BF00-41F3-B74B-C9491A8BCC49}.Release|Any CPU.ActiveCfg = Release|Any CPU
		{65E5F10A-BF00-41F3-B74B-C9491A8BCC49}.Release|Any CPU.Build.0 = Release|Any CPU
		{AC882253-1F91-45FA-87D7-5FD35ADB68DB}.Debug|Any CPU.ActiveCfg = Debug|Any CPU
		{AC882253-1F91-45FA-87D7-5FD35ADB68DB}.Debug|Any CPU.Build.0 = Debug|Any CPU
		{AC882253-1F91-45FA-87D7-5FD35ADB68DB}.Release|Any CPU.ActiveCfg = Release|Any CPU
		{AC882253-1F91-45FA-87D7-5FD35ADB68DB}.Release|Any CPU.Build.0 = Release|Any CPU
		{2B9DD011-0CE4-4AB6-A1F6-91ECC9F44800}.Debug|Any CPU.ActiveCfg = Debug|Any CPU
		{2B9DD011-0CE4-4AB6-A1F6-91ECC9F44800}.Debug|Any CPU.Build.0 = Debug|Any CPU
		{2B9DD011-0CE4-4AB6-A1F6-91ECC9F44800}.Release|Any CPU.ActiveCfg = Release|Any CPU
		{2B9DD011-0CE4-4AB6-A1F6-91ECC9F44800}.Release|Any CPU.Build.0 = Release|Any CPU
	EndGlobalSection
	GlobalSection(SolutionProperties) = preSolution
		HideSolutionNode = FALSE
	EndGlobalSection
	GlobalSection(ExtensibilityGlobals) = postSolution
		SolutionGuid = {F5DFC2B0-CC08-4C6B-B05B-74F1E206487E}
	EndGlobalSection
EndGlobal
